
Microsoft Visual Studio Solution File, Format Version 12.00
# Visual Studio Version 17
VisualStudioVersion = 17.1.32414.318
MinimumVisualStudioVersion = 10.0.40219.1
Project("{9A19103F-16F7-4668-BE54-9A1E7A4F7556}") = "CSIFEngine", "CSIFEngine.csproj", "{21769971-D0F1-4181-97B1-D0731BB7FD30}"
EndProject
Global
	GlobalSection(SolutionConfigurationPlatforms) = preSolution
		Debug|Any CPU = Debug|Any CPU
		Release|Any CPU = Release|Any CPU
	EndGlobalSection
	GlobalSection(ProjectConfigurationPlatforms) = postSolution
		{21769971-D0F1-4181-97B1-D0731BB7FD30}.Debug|Any CPU.ActiveCfg = Debug|Any CPU
		{21769971-D0F1-4181-97B1-D0731BB7FD30}.Debug|Any CPU.Build.0 = Debug|Any CPU
		{21769971-D0F1-4181-97B1-D0731BB7FD30}.Release|Any CPU.ActiveCfg = Release|Any CPU
		{21769971-D0F1-4181-97B1-D0731BB7FD30}.Release|Any CPU.Build.0 = Release|Any CPU
	EndGlobalSection
	GlobalSection(SolutionProperties) = preSolution
		HideSolutionNode = FALSE
	EndGlobalSection
	GlobalSection(ExtensibilityGlobals) = postSolution
		SolutionGuid = {ADE884D0-9C46-4AE2-98FE-5C0344881ED1}
	EndGlobalSection
EndGlobal
